// !$*UTF8*$!
{
	archiveVersion = 1;
	classes = {
	};
	objectVersion = 50;
	objects = {

/* Begin PBXBuildFile section */
		1A3785F225EC61E4002AD1A0 /* AppDelegate.swift in Sources */ = {isa = PBXBuildFile; fileRef = 1A3785F125EC61E4002AD1A0 /* AppDelegate.swift */; };
		1A3785F425EC61E4002AD1A0 /* ViewController.swift in Sources */ = {isa = PBXBuildFile; fileRef = 1A3785F325EC61E4002AD1A0 /* ViewController.swift */; };
		1A3785F625EC61E4002AD1A0 /* Experience.rcproject in Sources */ = {isa = PBXBuildFile; fileRef = 1A3785F525EC61E4002AD1A0 /* Experience.rcproject */; };
		1A3785F925EC61E4002AD1A0 /* Main.storyboard in Resources */ = {isa = PBXBuildFile; fileRef = 1A3785F725EC61E4002AD1A0 /* Main.storyboard */; };
		1A3785FB25EC61E9002AD1A0 /* Assets.xcassets in Resources */ = {isa = PBXBuildFile; fileRef = 1A3785FA25EC61E9002AD1A0 /* Assets.xcassets */; };
		1A3785FE25EC61E9002AD1A0 /* LaunchScreen.storyboard in Resources */ = {isa = PBXBuildFile; fileRef = 1A3785FC25EC61E9002AD1A0 /* LaunchScreen.storyboard */; };
		1A6E816E26050497002B5945 /* ARViewController.swift in Sources */ = {isa = PBXBuildFile; fileRef = 1A6E816D26050497002B5945 /* ARViewController.swift */; };
		1A7C647E2623CCA400D37CCE /* icons in Resources */ = {isa = PBXBuildFile; fileRef = 1A7C647D2623CCA400D37CCE /* icons */; };
		1AFCC12E25FEBAB700BFAA71 /* FinalConfirmationViewController.swift in Sources */ = {isa = PBXBuildFile; fileRef = 1AFCC12D25FEBAB700BFAA71 /* FinalConfirmationViewController.swift */; };
		2583661B25FB6E91001B0A11 /* CamRollVC.swift in Sources */ = {isa = PBXBuildFile; fileRef = 2583661A25FB6E91001B0A11 /* CamRollVC.swift */; };
		25836643260B23CF001B0A11 /* Lato-Italic.ttf in Resources */ = {isa = PBXBuildFile; fileRef = 2583663C260B23CF001B0A11 /* Lato-Italic.ttf */; };
		25836644260B23CF001B0A11 /* Lato-LightItalic.ttf in Resources */ = {isa = PBXBuildFile; fileRef = 2583663D260B23CF001B0A11 /* Lato-LightItalic.ttf */; };
		25836645260B23CF001B0A11 /* Lato-Thin.ttf in Resources */ = {isa = PBXBuildFile; fileRef = 2583663E260B23CF001B0A11 /* Lato-Thin.ttf */; };
		25836646260B23CF001B0A11 /* Lato-Bold.ttf in Resources */ = {isa = PBXBuildFile; fileRef = 2583663F260B23CF001B0A11 /* Lato-Bold.ttf */; };
		25836647260B23CF001B0A11 /* Lato-Regular.ttf in Resources */ = {isa = PBXBuildFile; fileRef = 25836640260B23CF001B0A11 /* Lato-Regular.ttf */; };
		25836648260B23CF001B0A11 /* Lato-Light.ttf in Resources */ = {isa = PBXBuildFile; fileRef = 25836641260B23CF001B0A11 /* Lato-Light.ttf */; };
		25836649260B23CF001B0A11 /* Lato-ThinItalic.ttf in Resources */ = {isa = PBXBuildFile; fileRef = 25836642260B23CF001B0A11 /* Lato-ThinItalic.ttf */; };
		360BC47525FDCB5600594DAD /* FrameCollectionViewCell.swift in Sources */ = {isa = PBXBuildFile; fileRef = 360BC47425FDCB5600594DAD /* FrameCollectionViewCell.swift */; };
		360BC47F25FDDA6500594DAD /* FrameViewController.swift in Sources */ = {isa = PBXBuildFile; fileRef = 360BC47E25FDDA6500594DAD /* FrameViewController.swift */; };
		8172C9062623C08500808AE5 /* Selections.swift in Sources */ = {isa = PBXBuildFile; fileRef = 8172C9052623C08500808AE5 /* Selections.swift */; };
		81D9417B26151DD4004F3041 /* Grid.swift in Sources */ = {isa = PBXBuildFile; fileRef = 81D9417A26151DD4004F3041 /* Grid.swift */; };
		B9505CBE25FAB637001DA34B /* PhotoSelectionVC.swift in Sources */ = {isa = PBXBuildFile; fileRef = B9505CBD25FAB637001DA34B /* PhotoSelectionVC.swift */; };
		B9505CD925FDC13B001DA34B /* DefaultPhotoCell.swift in Sources */ = {isa = PBXBuildFile; fileRef = B9505CD825FDC13B001DA34B /* DefaultPhotoCell.swift */; };
		B9505CDC25FDC31D001DA34B /* DefaultLibraryVC.swift in Sources */ = {isa = PBXBuildFile; fileRef = B9505CDB25FDC31D001DA34B /* DefaultLibraryVC.swift */; };
		B9505CE125FDDEDB001DA34B /* DefaultPhoto.swift in Sources */ = {isa = PBXBuildFile; fileRef = B9505CE025FDDEDB001DA34B /* DefaultPhoto.swift */; };
/* End PBXBuildFile section */

/* Begin PBXFileReference section */
		1A3785EE25EC61E4002AD1A0 /* Framer.app */ = {isa = PBXFileReference; explicitFileType = wrapper.application; includeInIndex = 0; path = Framer.app; sourceTree = BUILT_PRODUCTS_DIR; };
		1A3785F125EC61E4002AD1A0 /* AppDelegate.swift */ = {isa = PBXFileReference; lastKnownFileType = sourcecode.swift; path = AppDelegate.swift; sourceTree = "<group>"; };
		1A3785F325EC61E4002AD1A0 /* ViewController.swift */ = {isa = PBXFileReference; lastKnownFileType = sourcecode.swift; path = ViewController.swift; sourceTree = "<group>"; };
		1A3785F525EC61E4002AD1A0 /* Experience.rcproject */ = {isa = PBXFileReference; lastKnownFileType = file.rcproject; path = Experience.rcproject; sourceTree = "<group>"; };
		1A3785F825EC61E4002AD1A0 /* Base */ = {isa = PBXFileReference; lastKnownFileType = file.storyboard; name = Base; path = Base.lproj/Main.storyboard; sourceTree = "<group>"; };
		1A3785FA25EC61E9002AD1A0 /* Assets.xcassets */ = {isa = PBXFileReference; lastKnownFileType = folder.assetcatalog; path = Assets.xcassets; sourceTree = "<group>"; };
		1A3785FD25EC61E9002AD1A0 /* Base */ = {isa = PBXFileReference; lastKnownFileType = file.storyboard; name = Base; path = Base.lproj/LaunchScreen.storyboard; sourceTree = "<group>"; };
		1A3785FF25EC61E9002AD1A0 /* Info.plist */ = {isa = PBXFileReference; lastKnownFileType = text.plist.xml; path = Info.plist; sourceTree = "<group>"; };
		1A6E816D26050497002B5945 /* ARViewController.swift */ = {isa = PBXFileReference; lastKnownFileType = sourcecode.swift; path = ARViewController.swift; sourceTree = "<group>"; };
		1A7C647D2623CCA400D37CCE /* icons */ = {isa = PBXFileReference; lastKnownFileType = folder; path = icons; sourceTree = "<group>"; };
		1AFCC12D25FEBAB700BFAA71 /* FinalConfirmationViewController.swift */ = {isa = PBXFileReference; lastKnownFileType = sourcecode.swift; path = FinalConfirmationViewController.swift; sourceTree = "<group>"; };
		2583661A25FB6E91001B0A11 /* CamRollVC.swift */ = {isa = PBXFileReference; lastKnownFileType = sourcecode.swift; path = CamRollVC.swift; sourceTree = "<group>"; };
		2583663C260B23CF001B0A11 /* Lato-Italic.ttf */ = {isa = PBXFileReference; lastKnownFileType = file; path = "Lato-Italic.ttf"; sourceTree = "<group>"; };
		2583663D260B23CF001B0A11 /* Lato-LightItalic.ttf */ = {isa = PBXFileReference; lastKnownFileType = file; path = "Lato-LightItalic.ttf"; sourceTree = "<group>"; };
		2583663E260B23CF001B0A11 /* Lato-Thin.ttf */ = {isa = PBXFileReference; lastKnownFileType = file; path = "Lato-Thin.ttf"; sourceTree = "<group>"; };
		2583663F260B23CF001B0A11 /* Lato-Bold.ttf */ = {isa = PBXFileReference; lastKnownFileType = file; path = "Lato-Bold.ttf"; sourceTree = "<group>"; };
		25836640260B23CF001B0A11 /* Lato-Regular.ttf */ = {isa = PBXFileReference; lastKnownFileType = file; path = "Lato-Regular.ttf"; sourceTree = "<group>"; };
		25836641260B23CF001B0A11 /* Lato-Light.ttf */ = {isa = PBXFileReference; lastKnownFileType = file; path = "Lato-Light.ttf"; sourceTree = "<group>"; };
		25836642260B23CF001B0A11 /* Lato-ThinItalic.ttf */ = {isa = PBXFileReference; lastKnownFileType = file; path = "Lato-ThinItalic.ttf"; sourceTree = "<group>"; };
		360BC47425FDCB5600594DAD /* FrameCollectionViewCell.swift */ = {isa = PBXFileReference; lastKnownFileType = sourcecode.swift; path = FrameCollectionViewCell.swift; sourceTree = "<group>"; };
		360BC47E25FDDA6500594DAD /* FrameViewController.swift */ = {isa = PBXFileReference; lastKnownFileType = sourcecode.swift; path = FrameViewController.swift; sourceTree = "<group>"; };
		8172C9052623C08500808AE5 /* Selections.swift */ = {isa = PBXFileReference; lastKnownFileType = sourcecode.swift; path = Selections.swift; sourceTree = "<group>"; };
		81D9417A26151DD4004F3041 /* Grid.swift */ = {isa = PBXFileReference; lastKnownFileType = sourcecode.swift; path = Grid.swift; sourceTree = "<group>"; };
		B9505CBD25FAB637001DA34B /* PhotoSelectionVC.swift */ = {isa = PBXFileReference; lastKnownFileType = sourcecode.swift; path = PhotoSelectionVC.swift; sourceTree = "<group>"; };
		B9505CD825FDC13B001DA34B /* DefaultPhotoCell.swift */ = {isa = PBXFileReference; lastKnownFileType = sourcecode.swift; path = DefaultPhotoCell.swift; sourceTree = "<group>"; };
		B9505CDB25FDC31D001DA34B /* DefaultLibraryVC.swift */ = {isa = PBXFileReference; lastKnownFileType = sourcecode.swift; path = DefaultLibraryVC.swift; sourceTree = "<group>"; };
		B9505CE025FDDEDB001DA34B /* DefaultPhoto.swift */ = {isa = PBXFileReference; lastKnownFileType = sourcecode.swift; path = DefaultPhoto.swift; sourceTree = "<group>"; };
/* End PBXFileReference section */

/* Begin PBXFrameworksBuildPhase section */
		1A3785EB25EC61E4002AD1A0 /* Frameworks */ = {
			isa = PBXFrameworksBuildPhase;
			buildActionMask = 2147483647;
			files = (
			);
			runOnlyForDeploymentPostprocessing = 0;
		};
/* End PBXFrameworksBuildPhase section */

/* Begin PBXGroup section */
		1A3785E525EC61E4002AD1A0 = {
			isa = PBXGroup;
			children = (
				1A3785F025EC61E4002AD1A0 /* Framer */,
				1A3785EF25EC61E4002AD1A0 /* Products */,
			);
			sourceTree = "<group>";
		};
		1A3785EF25EC61E4002AD1A0 /* Products */ = {
			isa = PBXGroup;
			children = (
				1A3785EE25EC61E4002AD1A0 /* Framer.app */,
			);
			name = Products;
			sourceTree = "<group>";
		};
		1A3785F025EC61E4002AD1A0 /* Framer */ = {
			isa = PBXGroup;
			children = (
				1A7C647D2623CCA400D37CCE /* icons */,
				360BC46B25FDCAB800594DAD /* FrameView */,
				1A3785F125EC61E4002AD1A0 /* AppDelegate.swift */,
				B932551025FE2E08004553B1 /* PhotoSelection */,
				1A3785F325EC61E4002AD1A0 /* ViewController.swift */,
				1AFCC12D25FEBAB700BFAA71 /* FinalConfirmationViewController.swift */,
				1A3785F525EC61E4002AD1A0 /* Experience.rcproject */,
				1A3785F725EC61E4002AD1A0 /* Main.storyboard */,
				1A3785FA25EC61E9002AD1A0 /* Assets.xcassets */,
				1A3785FC25EC61E9002AD1A0 /* LaunchScreen.storyboard */,
				1A3785FF25EC61E9002AD1A0 /* Info.plist */,
				1A6E816D26050497002B5945 /* ARViewController.swift */,
				81D9417A26151DD4004F3041 /* Grid.swift */,
				2583663B260B23CF001B0A11 /* Font Family */,
			);
			path = Framer;
			sourceTree = "<group>";
		};
		2583663B260B23CF001B0A11 /* Font Family */ = {
			isa = PBXGroup;
			children = (
				2583663C260B23CF001B0A11 /* Lato-Italic.ttf */,
				2583663D260B23CF001B0A11 /* Lato-LightItalic.ttf */,
				2583663E260B23CF001B0A11 /* Lato-Thin.ttf */,
				2583663F260B23CF001B0A11 /* Lato-Bold.ttf */,
				25836640260B23CF001B0A11 /* Lato-Regular.ttf */,
				25836641260B23CF001B0A11 /* Lato-Light.ttf */,
				25836642260B23CF001B0A11 /* Lato-ThinItalic.ttf */,
			);
			path = "Font Family";
			sourceTree = "<group>";
		};
		360BC46B25FDCAB800594DAD /* FrameView */ = {
			isa = PBXGroup;
			children = (
				360BC47E25FDDA6500594DAD /* FrameViewController.swift */,
				8172C9052623C08500808AE5 /* Selections.swift */,
				360BC47425FDCB5600594DAD /* FrameCollectionViewCell.swift */,
			);
			path = FrameView;
			sourceTree = "<group>";
		};
		B932551025FE2E08004553B1 /* PhotoSelection */ = {
			isa = PBXGroup;
			children = (
				B9505CD825FDC13B001DA34B /* DefaultPhotoCell.swift */,
				B9505CE025FDDEDB001DA34B /* DefaultPhoto.swift */,
				B9505CBD25FAB637001DA34B /* PhotoSelectionVC.swift */,
				2583661A25FB6E91001B0A11 /* CamRollVC.swift */,
				B9505CDB25FDC31D001DA34B /* DefaultLibraryVC.swift */,
			);
			path = PhotoSelection;
			sourceTree = "<group>";
		};
/* End PBXGroup section */

/* Begin PBXNativeTarget section */
		1A3785ED25EC61E4002AD1A0 /* Framer */ = {
			isa = PBXNativeTarget;
			buildConfigurationList = 1A37860225EC61E9002AD1A0 /* Build configuration list for PBXNativeTarget "Framer" */;
			buildPhases = (
				1A3785EA25EC61E4002AD1A0 /* Sources */,
				1A3785EB25EC61E4002AD1A0 /* Frameworks */,
				1A3785EC25EC61E4002AD1A0 /* Resources */,
			);
			buildRules = (
			);
			dependencies = (
			);
			name = Framer;
			productName = Framer;
			productReference = 1A3785EE25EC61E4002AD1A0 /* Framer.app */;
			productType = "com.apple.product-type.application";
		};
/* End PBXNativeTarget section */

/* Begin PBXProject section */
		1A3785E625EC61E4002AD1A0 /* Project object */ = {
			isa = PBXProject;
			attributes = {
				LastSwiftUpdateCheck = 1240;
				LastUpgradeCheck = 1240;
				TargetAttributes = {
					1A3785ED25EC61E4002AD1A0 = {
						CreatedOnToolsVersion = 12.4;
					};
				};
			};
			buildConfigurationList = 1A3785E925EC61E4002AD1A0 /* Build configuration list for PBXProject "Framer" */;
			compatibilityVersion = "Xcode 9.3";
			developmentRegion = en;
			hasScannedForEncodings = 0;
			knownRegions = (
				en,
				Base,
			);
			mainGroup = 1A3785E525EC61E4002AD1A0;
			productRefGroup = 1A3785EF25EC61E4002AD1A0 /* Products */;
			projectDirPath = "";
			projectRoot = "";
			targets = (
				1A3785ED25EC61E4002AD1A0 /* Framer */,
			);
		};
/* End PBXProject section */

/* Begin PBXResourcesBuildPhase section */
		1A3785EC25EC61E4002AD1A0 /* Resources */ = {
			isa = PBXResourcesBuildPhase;
			buildActionMask = 2147483647;
			files = (
				1A7C647E2623CCA400D37CCE /* icons in Resources */,
				25836646260B23CF001B0A11 /* Lato-Bold.ttf in Resources */,
				1A3785FE25EC61E9002AD1A0 /* LaunchScreen.storyboard in Resources */,
				25836645260B23CF001B0A11 /* Lato-Thin.ttf in Resources */,
				25836648260B23CF001B0A11 /* Lato-Light.ttf in Resources */,
				25836647260B23CF001B0A11 /* Lato-Regular.ttf in Resources */,
				25836644260B23CF001B0A11 /* Lato-LightItalic.ttf in Resources */,
				1A3785FB25EC61E9002AD1A0 /* Assets.xcassets in Resources */,
				25836649260B23CF001B0A11 /* Lato-ThinItalic.ttf in Resources */,
				25836643260B23CF001B0A11 /* Lato-Italic.ttf in Resources */,
				1A3785F925EC61E4002AD1A0 /* Main.storyboard in Resources */,
			);
			runOnlyForDeploymentPostprocessing = 0;
		};
/* End PBXResourcesBuildPhase section */

/* Begin PBXSourcesBuildPhase section */
		1A3785EA25EC61E4002AD1A0 /* Sources */ = {
			isa = PBXSourcesBuildPhase;
			buildActionMask = 2147483647;
			files = (
				B9505CD925FDC13B001DA34B /* DefaultPhotoCell.swift in Sources */,
				B9505CDC25FDC31D001DA34B /* DefaultLibraryVC.swift in Sources */,
				1A3785F425EC61E4002AD1A0 /* ViewController.swift in Sources */,
				B9505CE125FDDEDB001DA34B /* DefaultPhoto.swift in Sources */,
				2583661B25FB6E91001B0A11 /* CamRollVC.swift in Sources */,
				81D9417B26151DD4004F3041 /* Grid.swift in Sources */,
				B9505CBE25FAB637001DA34B /* PhotoSelectionVC.swift in Sources */,
				8172C9062623C08500808AE5 /* Selections.swift in Sources */,
				1A6E816E26050497002B5945 /* ARViewController.swift in Sources */,
				360BC47F25FDDA6500594DAD /* FrameViewController.swift in Sources */,
				B9505CBE25FAB637001DA34B /* PhotoSelectionVC.swift in Sources */,
				360BC47525FDCB5600594DAD /* FrameCollectionViewCell.swift in Sources */,
				1A3785F225EC61E4002AD1A0 /* AppDelegate.swift in Sources */,
				1A3785F625EC61E4002AD1A0 /* Experience.rcproject in Sources */,
				1AFCC12E25FEBAB700BFAA71 /* FinalConfirmationViewController.swift in Sources */,
			);
			runOnlyForDeploymentPostprocessing = 0;
		};
/* End PBXSourcesBuildPhase section */

/* Begin PBXVariantGroup section */
		1A3785F725EC61E4002AD1A0 /* Main.storyboard */ = {
			isa = PBXVariantGroup;
			children = (
				1A3785F825EC61E4002AD1A0 /* Base */,
			);
			name = Main.storyboard;
			sourceTree = "<group>";
		};
		1A3785FC25EC61E9002AD1A0 /* LaunchScreen.storyboard */ = {
			isa = PBXVariantGroup;
			children = (
				1A3785FD25EC61E9002AD1A0 /* Base */,
			);
			name = LaunchScreen.storyboard;
			sourceTree = "<group>";
		};
/* End PBXVariantGroup section */

/* Begin XCBuildConfiguration section */
		1A37860025EC61E9002AD1A0 /* Debug */ = {
			isa = XCBuildConfiguration;
			buildSettings = {
				ALWAYS_SEARCH_USER_PATHS = NO;
				CLANG_ANALYZER_NONNULL = YES;
				CLANG_ANALYZER_NUMBER_OBJECT_CONVERSION = YES_AGGRESSIVE;
				CLANG_CXX_LANGUAGE_STANDARD = "gnu++14";
				CLANG_CXX_LIBRARY = "libc++";
				CLANG_ENABLE_MODULES = YES;
				CLANG_ENABLE_OBJC_ARC = YES;
				CLANG_ENABLE_OBJC_WEAK = YES;
				CLANG_WARN_BLOCK_CAPTURE_AUTORELEASING = YES;
				CLANG_WARN_BOOL_CONVERSION = YES;
				CLANG_WARN_COMMA = YES;
				CLANG_WARN_CONSTANT_CONVERSION = YES;
				CLANG_WARN_DEPRECATED_OBJC_IMPLEMENTATIONS = YES;
				CLANG_WARN_DIRECT_OBJC_ISA_USAGE = YES_ERROR;
				CLANG_WARN_DOCUMENTATION_COMMENTS = YES;
				CLANG_WARN_EMPTY_BODY = YES;
				CLANG_WARN_ENUM_CONVERSION = YES;
				CLANG_WARN_INFINITE_RECURSION = YES;
				CLANG_WARN_INT_CONVERSION = YES;
				CLANG_WARN_NON_LITERAL_NULL_CONVERSION = YES;
				CLANG_WARN_OBJC_IMPLICIT_RETAIN_SELF = YES;
				CLANG_WARN_OBJC_LITERAL_CONVERSION = YES;
				CLANG_WARN_OBJC_ROOT_CLASS = YES_ERROR;
				CLANG_WARN_QUOTED_INCLUDE_IN_FRAMEWORK_HEADER = YES;
				CLANG_WARN_RANGE_LOOP_ANALYSIS = YES;
				CLANG_WARN_STRICT_PROTOTYPES = YES;
				CLANG_WARN_SUSPICIOUS_MOVE = YES;
				CLANG_WARN_UNGUARDED_AVAILABILITY = YES_AGGRESSIVE;
				CLANG_WARN_UNREACHABLE_CODE = YES;
				CLANG_WARN__DUPLICATE_METHOD_MATCH = YES;
				COPY_PHASE_STRIP = NO;
				DEBUG_INFORMATION_FORMAT = dwarf;
				ENABLE_STRICT_OBJC_MSGSEND = YES;
				ENABLE_TESTABILITY = YES;
				GCC_C_LANGUAGE_STANDARD = gnu11;
				GCC_DYNAMIC_NO_PIC = NO;
				GCC_NO_COMMON_BLOCKS = YES;
				GCC_OPTIMIZATION_LEVEL = 0;
				GCC_PREPROCESSOR_DEFINITIONS = (
					"DEBUG=1",
					"$(inherited)",
				);
				GCC_WARN_64_TO_32_BIT_CONVERSION = YES;
				GCC_WARN_ABOUT_RETURN_TYPE = YES_ERROR;
				GCC_WARN_UNDECLARED_SELECTOR = YES;
				GCC_WARN_UNINITIALIZED_AUTOS = YES_AGGRESSIVE;
				GCC_WARN_UNUSED_FUNCTION = YES;
				GCC_WARN_UNUSED_VARIABLE = YES;
				IPHONEOS_DEPLOYMENT_TARGET = 14.4;
				MTL_ENABLE_DEBUG_INFO = INCLUDE_SOURCE;
				MTL_FAST_MATH = YES;
				ONLY_ACTIVE_ARCH = YES;
				SDKROOT = iphoneos;
				SWIFT_ACTIVE_COMPILATION_CONDITIONS = DEBUG;
				SWIFT_OPTIMIZATION_LEVEL = "-Onone";
			};
			name = Debug;
		};
		1A37860125EC61E9002AD1A0 /* Release */ = {
			isa = XCBuildConfiguration;
			buildSettings = {
				ALWAYS_SEARCH_USER_PATHS = NO;
				CLANG_ANALYZER_NONNULL = YES;
				CLANG_ANALYZER_NUMBER_OBJECT_CONVERSION = YES_AGGRESSIVE;
				CLANG_CXX_LANGUAGE_STANDARD = "gnu++14";
				CLANG_CXX_LIBRARY = "libc++";
				CLANG_ENABLE_MODULES = YES;
				CLANG_ENABLE_OBJC_ARC = YES;
				CLANG_ENABLE_OBJC_WEAK = YES;
				CLANG_WARN_BLOCK_CAPTURE_AUTORELEASING = YES;
				CLANG_WARN_BOOL_CONVERSION = YES;
				CLANG_WARN_COMMA = YES;
				CLANG_WARN_CONSTANT_CONVERSION = YES;
				CLANG_WARN_DEPRECATED_OBJC_IMPLEMENTATIONS = YES;
				CLANG_WARN_DIRECT_OBJC_ISA_USAGE = YES_ERROR;
				CLANG_WARN_DOCUMENTATION_COMMENTS = YES;
				CLANG_WARN_EMPTY_BODY = YES;
				CLANG_WARN_ENUM_CONVERSION = YES;
				CLANG_WARN_INFINITE_RECURSION = YES;
				CLANG_WARN_INT_CONVERSION = YES;
				CLANG_WARN_NON_LITERAL_NULL_CONVERSION = YES;
				CLANG_WARN_OBJC_IMPLICIT_RETAIN_SELF = YES;
				CLANG_WARN_OBJC_LITERAL_CONVERSION = YES;
				CLANG_WARN_OBJC_ROOT_CLASS = YES_ERROR;
				CLANG_WARN_QUOTED_INCLUDE_IN_FRAMEWORK_HEADER = YES;
				CLANG_WARN_RANGE_LOOP_ANALYSIS = YES;
				CLANG_WARN_STRICT_PROTOTYPES = YES;
				CLANG_WARN_SUSPICIOUS_MOVE = YES;
				CLANG_WARN_UNGUARDED_AVAILABILITY = YES_AGGRESSIVE;
				CLANG_WARN_UNREACHABLE_CODE = YES;
				CLANG_WARN__DUPLICATE_METHOD_MATCH = YES;
				COPY_PHASE_STRIP = NO;
				DEBUG_INFORMATION_FORMAT = "dwarf-with-dsym";
				ENABLE_NS_ASSERTIONS = NO;
				ENABLE_STRICT_OBJC_MSGSEND = YES;
				GCC_C_LANGUAGE_STANDARD = gnu11;
				GCC_NO_COMMON_BLOCKS = YES;
				GCC_WARN_64_TO_32_BIT_CONVERSION = YES;
				GCC_WARN_ABOUT_RETURN_TYPE = YES_ERROR;
				GCC_WARN_UNDECLARED_SELECTOR = YES;
				GCC_WARN_UNINITIALIZED_AUTOS = YES_AGGRESSIVE;
				GCC_WARN_UNUSED_FUNCTION = YES;
				GCC_WARN_UNUSED_VARIABLE = YES;
				IPHONEOS_DEPLOYMENT_TARGET = 14.4;
				MTL_ENABLE_DEBUG_INFO = NO;
				MTL_FAST_MATH = YES;
				SDKROOT = iphoneos;
				SWIFT_COMPILATION_MODE = wholemodule;
				SWIFT_OPTIMIZATION_LEVEL = "-O";
				VALIDATE_PRODUCT = YES;
			};
			name = Release;
		};
		1A37860325EC61E9002AD1A0 /* Debug */ = {
			isa = XCBuildConfiguration;
			buildSettings = {
				ASSETCATALOG_COMPILER_APPICON_NAME = AppIcon;
				ASSETCATALOG_COMPILER_GLOBAL_ACCENT_COLOR_NAME = AccentColor;
				CODE_SIGN_STYLE = Automatic;
				DEVELOPMENT_TEAM = 4LA72KGV7R;
				INFOPLIST_FILE = Framer/Info.plist;
				IPHONEOS_DEPLOYMENT_TARGET = 14.4;
				LD_RUNPATH_SEARCH_PATHS = (
					"$(inherited)",
					"@executable_path/Frameworks",
				);
				PRODUCT_BUNDLE_IDENTIFIER = umich.edu.cwsimms.framerios;
				PRODUCT_NAME = "$(TARGET_NAME)";
				SWIFT_VERSION = 5.0;
				TARGETED_DEVICE_FAMILY = "1,2";
			};
			name = Debug;
		};
		1A37860425EC61E9002AD1A0 /* Release */ = {
			isa = XCBuildConfiguration;
			buildSettings = {
				ASSETCATALOG_COMPILER_APPICON_NAME = AppIcon;
				ASSETCATALOG_COMPILER_GLOBAL_ACCENT_COLOR_NAME = AccentColor;
				CODE_SIGN_STYLE = Automatic;
				DEVELOPMENT_TEAM = 4LA72KGV7R;
				INFOPLIST_FILE = Framer/Info.plist;
				IPHONEOS_DEPLOYMENT_TARGET = 14.4;
				LD_RUNPATH_SEARCH_PATHS = (
					"$(inherited)",
					"@executable_path/Frameworks",
				);
				PRODUCT_BUNDLE_IDENTIFIER = umich.edu.cwsimms.framerios;
				PRODUCT_NAME = "$(TARGET_NAME)";
				SWIFT_VERSION = 5.0;
				TARGETED_DEVICE_FAMILY = "1,2";
			};
			name = Release;
		};
/* End XCBuildConfiguration section */

/* Begin XCConfigurationList section */
		1A3785E925EC61E4002AD1A0 /* Build configuration list for PBXProject "Framer" */ = {
			isa = XCConfigurationList;
			buildConfigurations = (
				1A37860025EC61E9002AD1A0 /* Debug */,
				1A37860125EC61E9002AD1A0 /* Release */,
			);
			defaultConfigurationIsVisible = 0;
			defaultConfigurationName = Release;
		};
		1A37860225EC61E9002AD1A0 /* Build configuration list for PBXNativeTarget "Framer" */ = {
			isa = XCConfigurationList;
			buildConfigurations = (
				1A37860325EC61E9002AD1A0 /* Debug */,
				1A37860425EC61E9002AD1A0 /* Release */,
			);
			defaultConfigurationIsVisible = 0;
			defaultConfigurationName = Release;
		};
/* End XCConfigurationList section */
	};
	rootObject = 1A3785E625EC61E4002AD1A0 /* Project object */;
}
